
Microsoft Visual Studio Solution File, Format Version 12.00
# Visual Studio Version 17
VisualStudioVersion = 17.11.35312.102
MinimumVisualStudioVersion = 10.0.40219.1
Project("{2150E333-8FDC-42A3-9474-1A3956D46DE8}") = "src", "src", "{94E5DAB0-8B30-4616-B08C-AF7109757299}"
EndProject
Project("{2150E333-8FDC-42A3-9474-1A3956D46DE8}") = "Building Blocks", "Building Blocks", "{8B809ED7-C372-43C9-90C6-B9B55EFA7A6E}"
EndProject
Project("{2150E333-8FDC-42A3-9474-1A3956D46DE8}") = "Services", "Services", "{B7B256E8-0247-4E6A-B054-E60A043AF1ED}"
EndProject
Project("{2150E333-8FDC-42A3-9474-1A3956D46DE8}") = "Web", "Web", "{1EAC3BEC-5C1D-4E1A-83B9-19EA31E3B599}"
EndProject
Project("{2150E333-8FDC-42A3-9474-1A3956D46DE8}") = "Identidade", "Identidade", "{38B473BB-8821-469F-A894-57F4A3FBDAA1}"
EndProject
Project("{9A19103F-16F7-4668-BE54-9A1E7A4F7556}") = "JSE.Identidade.API", "src\services\JSE.Identidade.API\JSE.Identidade.API.csproj", "{9302A713-6324-4FC3-B6DF-F329FB379BFC}"
EndProject
Project("{2150E333-8FDC-42A3-9474-1A3956D46DE8}") = "MVC", "MVC", "{79FC29BE-B38A-4985-A451-AF95471DA401}"
EndProject
Project("{2150E333-8FDC-42A3-9474-1A3956D46DE8}") = "Core", "Core", "{C5CC0604-00C1-4CD7-854F-CA180002565C}"
EndProject
Project("{9A19103F-16F7-4668-BE54-9A1E7A4F7556}") = "JSE.Core", "src\building blocks\JSE.Core\JSE.Core.csproj", "{A4BFAC3F-6002-4C20-B205-9A1CED92471A}"
EndProject
Project("{2150E333-8FDC-42A3-9474-1A3956D46DE8}") = "Carrinho", "Carrinho", "{28EA7F69-A2DB-418F-9D59-85F5E10149F7}"
EndProject
Project("{2150E333-8FDC-42A3-9474-1A3956D46DE8}") = "Catalogo", "Catalogo", "{C0A0CFCE-065D-44AA-8032-7FD5FAE9814A}"
EndProject
Project("{2150E333-8FDC-42A3-9474-1A3956D46DE8}") = "Client", "Client", "{05308177-7916-472A-B171-46A28CEC1435}"
EndProject
Project("{2150E333-8FDC-42A3-9474-1A3956D46DE8}") = "Pagamento", "Pagamento", "{68C69BFC-835D-4BD4-899B-56E0349A1895}"
EndProject
Project("{2150E333-8FDC-42A3-9474-1A3956D46DE8}") = "Pedido", "Pedido", "{856468DF-3B1E-4BAB-AD97-2D72FB744435}"
EndProject
Project("{9A19103F-16F7-4668-BE54-9A1E7A4F7556}") = "JSE.Carrinho.API", "src\services\JSE.Carrinho.API\JSE.Carrinho.API.csproj", "{D3FFF619-CBFD-4472-BA95-093C058BCB40}"
EndProject
Project("{9A19103F-16F7-4668-BE54-9A1E7A4F7556}") = "JSE.Catalogo.API", "src\services\JSE.Catalogo.API\JSE.Catalogo.API.csproj", "{1B73907D-0E9F-4365-ADDF-D3AECC356307}"
EndProject
Project("{9A19103F-16F7-4668-BE54-9A1E7A4F7556}") = "JSE.Pagamento.API", "src\services\JSE.Pagamento.API\JSE.Pagamento.API.csproj", "{6CBCEEF0-45E1-4050-9745-556ED2C4BDC9}"
EndProject
Project("{9A19103F-16F7-4668-BE54-9A1E7A4F7556}") = "JSE.Pedido.API", "src\services\JSE.Pedido.API\JSE.Pedido.API.csproj", "{FCDB1D73-2DEA-41F9-87B7-67112E8B73C0}"
EndProject
Project("{9A19103F-16F7-4668-BE54-9A1E7A4F7556}") = "JSE.WebApp.MVC", "src\web\JSE.WebApp.MVC\JSE.WebApp.MVC.csproj", "{2305CFC3-FEEC-4C9F-954E-4622F87AC3E9}"
EndProject
Project("{9A19103F-16F7-4668-BE54-9A1E7A4F7556}") = "JSE.Client.API", "src\services\JSE.Cliente.API\JSE.Client.API.csproj", "{1CA1C943-C16A-4762-B38A-BC03A1BEC2D6}"
EndProject
Project("{2150E333-8FDC-42A3-9474-1A3956D46DE8}") = "Client", "Client", "{B89AEBFA-BA86-4AC4-A0B4-117C29036158}"
EndProject
Project("{9A19103F-16F7-4668-BE54-9A1E7A4F7556}") = "JSE.Client.API", "src\services\JSE.Client.API\JSE.Client.API.csproj", "{072FD5A4-520E-4FC0-AC39-B2C914F8A483}"
EndProject
Global
	GlobalSection(SolutionConfigurationPlatforms) = preSolution
		Debug|Any CPU = Debug|Any CPU
		Release|Any CPU = Release|Any CPU
	EndGlobalSection
	GlobalSection(ProjectConfigurationPlatforms) = postSolution
		{9302A713-6324-4FC3-B6DF-F329FB379BFC}.Debug|Any CPU.ActiveCfg = Debug|Any CPU
		{9302A713-6324-4FC3-B6DF-F329FB379BFC}.Debug|Any CPU.Build.0 = Debug|Any CPU
		{9302A713-6324-4FC3-B6DF-F329FB379BFC}.Release|Any CPU.ActiveCfg = Release|Any CPU
		{9302A713-6324-4FC3-B6DF-F329FB379BFC}.Release|Any CPU.Build.0 = Release|Any CPU
		{A4BFAC3F-6002-4C20-B205-9A1CED92471A}.Debug|Any CPU.ActiveCfg = Debug|Any CPU
		{A4BFAC3F-6002-4C20-B205-9A1CED92471A}.Debug|Any CPU.Build.0 = Debug|Any CPU
		{A4BFAC3F-6002-4C20-B205-9A1CED92471A}.Release|Any CPU.ActiveCfg = Release|Any CPU
		{A4BFAC3F-6002-4C20-B205-9A1CED92471A}.Release|Any CPU.Build.0 = Release|Any CPU
		{D3FFF619-CBFD-4472-BA95-093C058BCB40}.Debug|Any CPU.ActiveCfg = Debug|Any CPU
		{D3FFF619-CBFD-4472-BA95-093C058BCB40}.Debug|Any CPU.Build.0 = Debug|Any CPU
		{D3FFF619-CBFD-4472-BA95-093C058BCB40}.Release|Any CPU.ActiveCfg = Release|Any CPU
		{D3FFF619-CBFD-4472-BA95-093C058BCB40}.Release|Any CPU.Build.0 = Release|Any CPU
		{1B73907D-0E9F-4365-ADDF-D3AECC356307}.Debug|Any CPU.ActiveCfg = Debug|Any CPU
		{1B73907D-0E9F-4365-ADDF-D3AECC356307}.Debug|Any CPU.Build.0 = Debug|Any CPU
		{1B73907D-0E9F-4365-ADDF-D3AECC356307}.Release|Any CPU.ActiveCfg = Release|Any CPU
		{1B73907D-0E9F-4365-ADDF-D3AECC356307}.Release|Any CPU.Build.0 = Release|Any CPU
		{6CBCEEF0-45E1-4050-9745-556ED2C4BDC9}.Debug|Any CPU.ActiveCfg = Debug|Any CPU
		{6CBCEEF0-45E1-4050-9745-556ED2C4BDC9}.Debug|Any CPU.Build.0 = Debug|Any CPU
		{6CBCEEF0-45E1-4050-9745-556ED2C4BDC9}.Release|Any CPU.ActiveCfg = Release|Any CPU
		{6CBCEEF0-45E1-4050-9745-556ED2C4BDC9}.Release|Any CPU.Build.0 = Release|Any CPU
		{FCDB1D73-2DEA-41F9-87B7-67112E8B73C0}.Debug|Any CPU.ActiveCfg = Debug|Any CPU
		{FCDB1D73-2DEA-41F9-87B7-67112E8B73C0}.Debug|Any CPU.Build.0 = Debug|Any CPU
		{FCDB1D73-2DEA-41F9-87B7-67112E8B73C0}.Release|Any CPU.ActiveCfg = Release|Any CPU
		{FCDB1D73-2DEA-41F9-87B7-67112E8B73C0}.Release|Any CPU.Build.0 = Release|Any CPU
		{2305CFC3-FEEC-4C9F-954E-4622F87AC3E9}.Debug|Any CPU.ActiveCfg = Debug|Any CPU
		{2305CFC3-FEEC-4C9F-954E-4622F87AC3E9}.Debug|Any CPU.Build.0 = Debug|Any CPU
		{2305CFC3-FEEC-4C9F-954E-4622F87AC3E9}.Release|Any CPU.ActiveCfg = Release|Any CPU
		{2305CFC3-FEEC-4C9F-954E-4622F87AC3E9}.Release|Any CPU.Build.0 = Release|Any CPU
		{1CA1C943-C16A-4762-B38A-BC03A1BEC2D6}.Debug|Any CPU.ActiveCfg = Debug|Any CPU
		{1CA1C943-C16A-4762-B38A-BC03A1BEC2D6}.Debug|Any CPU.Build.0 = Debug|Any CPU
		{1CA1C943-C16A-4762-B38A-BC03A1BEC2D6}.Release|Any CPU.ActiveCfg = Release|Any CPU
		{1CA1C943-C16A-4762-B38A-BC03A1BEC2D6}.Release|Any CPU.Build.0 = Release|Any CPU
		{072FD5A4-520E-4FC0-AC39-B2C914F8A483}.Debug|Any CPU.ActiveCfg = Debug|Any CPU
		{072FD5A4-520E-4FC0-AC39-B2C914F8A483}.Debug|Any CPU.Build.0 = Debug|Any CPU
		{072FD5A4-520E-4FC0-AC39-B2C914F8A483}.Release|Any CPU.ActiveCfg = Release|Any CPU
		{072FD5A4-520E-4FC0-AC39-B2C914F8A483}.Release|Any CPU.Build.0 = Release|Any CPU
	EndGlobalSection
	GlobalSection(SolutionProperties) = preSolution
		HideSolutionNode = FALSE
	EndGlobalSection
	GlobalSection(NestedProjects) = preSolution
		{8B809ED7-C372-43C9-90C6-B9B55EFA7A6E} = {94E5DAB0-8B30-4616-B08C-AF7109757299}
		{B7B256E8-0247-4E6A-B054-E60A043AF1ED} = {94E5DAB0-8B30-4616-B08C-AF7109757299}
		{1EAC3BEC-5C1D-4E1A-83B9-19EA31E3B599} = {94E5DAB0-8B30-4616-B08C-AF7109757299}
		{38B473BB-8821-469F-A894-57F4A3FBDAA1} = {B7B256E8-0247-4E6A-B054-E60A043AF1ED}
		{9302A713-6324-4FC3-B6DF-F329FB379BFC} = {38B473BB-8821-469F-A894-57F4A3FBDAA1}
		{79FC29BE-B38A-4985-A451-AF95471DA401} = {1EAC3BEC-5C1D-4E1A-83B9-19EA31E3B599}
		{C5CC0604-00C1-4CD7-854F-CA180002565C} = {8B809ED7-C372-43C9-90C6-B9B55EFA7A6E}
		{A4BFAC3F-6002-4C20-B205-9A1CED92471A} = {C5CC0604-00C1-4CD7-854F-CA180002565C}
		{28EA7F69-A2DB-418F-9D59-85F5E10149F7} = {B7B256E8-0247-4E6A-B054-E60A043AF1ED}
		{C0A0CFCE-065D-44AA-8032-7FD5FAE9814A} = {B7B256E8-0247-4E6A-B054-E60A043AF1ED}
		{68C69BFC-835D-4BD4-899B-56E0349A1895} = {B7B256E8-0247-4E6A-B054-E60A043AF1ED}
		{856468DF-3B1E-4BAB-AD97-2D72FB744435} = {B7B256E8-0247-4E6A-B054-E60A043AF1ED}
		{D3FFF619-CBFD-4472-BA95-093C058BCB40} = {28EA7F69-A2DB-418F-9D59-85F5E10149F7}
		{1B73907D-0E9F-4365-ADDF-D3AECC356307} = {C0A0CFCE-065D-44AA-8032-7FD5FAE9814A}
		{6CBCEEF0-45E1-4050-9745-556ED2C4BDC9} = {68C69BFC-835D-4BD4-899B-56E0349A1895}
		{FCDB1D73-2DEA-41F9-87B7-67112E8B73C0} = {856468DF-3B1E-4BAB-AD97-2D72FB744435}
		{2305CFC3-FEEC-4C9F-954E-4622F87AC3E9} = {79FC29BE-B38A-4985-A451-AF95471DA401}
		{1CA1C943-C16A-4762-B38A-BC03A1BEC2D6} = {05308177-7916-472A-B171-46A28CEC1435}
		{B89AEBFA-BA86-4AC4-A0B4-117C29036158} = {B7B256E8-0247-4E6A-B054-E60A043AF1ED}
		{072FD5A4-520E-4FC0-AC39-B2C914F8A483} = {B89AEBFA-BA86-4AC4-A0B4-117C29036158}
	EndGlobalSection
	GlobalSection(ExtensibilityGlobals) = postSolution
		SolutionGuid = {F19279BD-86B0-48AF-9FA4-26C84BD715EB}
	EndGlobalSection
EndGlobal
